
Microsoft Visual Studio Solution File, Format Version 12.00
# Visual Studio Version 17
VisualStudioVersion = 17.7.34221.43
MinimumVisualStudioVersion = 10.0.40219.1
Project("{FAE04EC0-301F-11D3-BF4B-00C04F79EFBC}") = "SentimentalAIWeb", "SentimentalAIWeb.csproj", "{BD7947BD-2741-457E-A863-F7A47B774C9C}"
EndProject
Global
	GlobalSection(SolutionConfigurationPlatforms) = preSolution
		Debug|Any CPU = Debug|Any CPU
		Release|Any CPU = Release|Any CPU
	EndGlobalSection
	GlobalSection(ProjectConfigurationPlatforms) = postSolution
		{BD7947BD-2741-457E-A863-F7A47B774C9C}.Debug|Any CPU.ActiveCfg = Debug|Any CPU
		{BD7947BD-2741-457E-A863-F7A47B774C9C}.Debug|Any CPU.Build.0 = Debug|Any CPU
		{BD7947BD-2741-457E-A863-F7A47B774C9C}.Release|Any CPU.ActiveCfg = Release|Any CPU
		{BD7947BD-2741-457E-A863-F7A47B774C9C}.Release|Any CPU.Build.0 = Release|Any CPU
	EndGlobalSection
	GlobalSection(SolutionProperties) = preSolution
		HideSolutionNode = FALSE
	EndGlobalSection
	GlobalSection(ExtensibilityGlobals) = postSolution
		SolutionGuid = {B2A1B2F0-5445-4BFB-A5C5-5CB439B9EA05}
	EndGlobalSection
EndGlobal
